<?xml version="1.0" encoding="utf-8"?>
<Project ToolsVersion="4.0" xmlns="http://schemas.microsoft.com/developer/msbuild/2003">
  <ItemGroup>
    <Filter Include="Source Files">
      <UniqueIdentifier>{4FC737F1-C7A5-4376-A066-2A32D752A2FF}</UniqueIdentifier>
      <Extensions>cpp;c;cc;cxx;def;odl;idl;hpj;bat;asm;asmx</Extensions>
    </Filter>
    <Filter Include="Header Files">
      <UniqueIdentifier>{93995380-89BD-4b04-88EB-625FBE52EBFB}</UniqueIdentifier>
      <Extensions>h;hh;hpp;hxx;hm;inl;inc;ipp;xsd</Extensions>
    </Filter>
    <Filter Include="Resource Files">
      <UniqueIdentifier>{67DA6AB6-F800-4c08-8B7A-83BB121AAD01}</UniqueIdentifier>
      <Extensions>rc;ico;cur;bmp;dlg;rc2;rct;bin;rgs;gif;jpg;jpeg;jpe;resx;tiff;tif;png;wav;mfcribbon-ms</Extensions>
    </Filter>
    <Filter Include="Source Files\High Level">
      <UniqueIdentifier>{aae41877-0d71-4dc1-a32e-ccdd8b3e768d}</UniqueIdentifier>
    </Filter>
    <Filter Include="Source Files\Misc">
      <UniqueIdentifier>{f25fd701-3d10-4c60-a1d3-0086f2a0c83e}</UniqueIdentifier>
    </Filter>
    <Filter Include="Source Files\Board">
      <UniqueIdentifier>{84283339-558b-4792-80d4-14fe0098d478}</UniqueIdentifier>
    </Filter>
    <Filter Include="Header Files\High Level">
      <UniqueIdentifier>{e7d06836-d3d6-44e5-9a3a-fb2425dd0fd8}</UniqueIdentifier>
    </Filter>
    <Filter Include="Source Files\Unit Level">
      <UniqueIdentifier>{e5fac542-87a3-41cc-a753-b7aa4787cd7b}</UniqueIdentifier>
    </Filter>
    <Filter Include="Header Files\Misc">
      <UniqueIdentifier>{e8c6a86b-bf78-4273-a1f8-f5c1d7d446c4}</UniqueIdentifier>
    </Filter>
    <Filter Include="Header Files\Board">
      <UniqueIdentifier>{5f63e0b1-60bd-4fcd-9587-f005c7fb60be}</UniqueIdentifier>
    </Filter>
    <Filter Include="Header Files\Unit Level">
      <UniqueIdentifier>{76efbb89-6a84-406e-bfd6-0651261360e5}</UniqueIdentifier>
    </Filter>
    <Filter Include="Source Files\Menu">
      <UniqueIdentifier>{0e916eda-ebfd-477b-9295-e1213c2529b3}</UniqueIdentifier>
    </Filter>
    <Filter Include="Header Files\Menu">
      <UniqueIdentifier>{f145c947-889c-4cfc-90b4-e51c8c89fab4}</UniqueIdentifier>
    </Filter>
  </ItemGroup>
  <ItemGroup>
    <ClCompile Include="Main.cpp">
      <Filter>Source Files\High Level</Filter>
    </ClCompile>
    <ClCompile Include="Source.cpp">
      <Filter>Source Files\High Level</Filter>
    </ClCompile>
    <ClCompile Include="Scene.cpp">
      <Filter>Source Files\High Level</Filter>
    </ClCompile>
    <ClCompile Include="Console.cpp">
      <Filter>Source Files\Misc</Filter>
    </ClCompile>
    <ClCompile Include="Constants.cpp">
      <Filter>Source Files\Misc</Filter>
    </ClCompile>
    <ClCompile Include="Resources.cpp">
      <Filter>Source Files\Misc</Filter>
    </ClCompile>
    <ClCompile Include="Messages.cpp">
      <Filter>Source Files\Misc</Filter>
    </ClCompile>
    <ClCompile Include="Time.cpp">
      <Filter>Source Files\Misc</Filter>
    </ClCompile>
    <ClCompile Include="Tile.cpp">
      <Filter>Source Files\Board</Filter>
    </ClCompile>
    <ClCompile Include="Board.cpp">
      <Filter>Source Files\Board</Filter>
    </ClCompile>
    <ClCompile Include="Weapon.cpp">
      <Filter>Source Files\Unit Level</Filter>
    </ClCompile>
    <ClCompile Include="Attack.cpp">
      <Filter>Source Files\Unit Level</Filter>
    </ClCompile>
    <ClCompile Include="Effect.cpp">
      <Filter>Source Files\Unit Level</Filter>
    </ClCompile>
    <ClCompile Include="Item.cpp">
      <Filter>Source Files\Unit Level</Filter>
    </ClCompile>
    <ClCompile Include="Unit.cpp">
      <Filter>Source Files\Unit Level</Filter>
    </ClCompile>
    <ClCompile Include="Equipment.cpp">
      <Filter>Source Files\Unit Level</Filter>
    </ClCompile>
    <ClCompile Include="Menu.cpp">
      <Filter>Source Files\Menu</Filter>
    </ClCompile>
    <ClCompile Include="MenuElement.cpp">
      <Filter>Source Files\Menu</Filter>
    </ClCompile>
  </ItemGroup>
  <ItemGroup>
    <ClInclude Include="Main.h">
      <Filter>Header Files\High Level</Filter>
    </ClInclude>
    <ClInclude Include="Scene.h">
      <Filter>Header Files\High Level</Filter>
    </ClInclude>
    <ClInclude Include="Constants.h">
      <Filter>Header Files\Misc</Filter>
    </ClInclude>
    <ClInclude Include="Console.h">
      <Filter>Header Files\Misc</Filter>
    </ClInclude>
    <ClInclude Include="Resources.h">
      <Filter>Header Files\Misc</Filter>
    </ClInclude>
    <ClInclude Include="Messages.h">
      <Filter>Header Files\Misc</Filter>
    </ClInclude>
    <ClInclude Include="Time.h">
      <Filter>Header Files\Misc</Filter>
    </ClInclude>
    <ClInclude Include="Board.h">
      <Filter>Header Files\Board</Filter>
    </ClInclude>
    <ClInclude Include="Tile.h">
      <Filter>Header Files\Board</Filter>
    </ClInclude>
    <ClInclude Include="Attack.h">
      <Filter>Header Files\Unit Level</Filter>
    </ClInclude>
    <ClInclude Include="Effect.h">
      <Filter>Header Files\Unit Level</Filter>
    </ClInclude>
    <ClInclude Include="Item.h">
      <Filter>Header Files\Unit Level</Filter>
    </ClInclude>
    <ClInclude Include="Unit.h">
      <Filter>Header Files\Unit Level</Filter>
    </ClInclude>
    <ClInclude Include="Weapon.h">
      <Filter>Header Files\Unit Level</Filter>
    </ClInclude>
    <ClInclude Include="Equipment.h">
      <Filter>Header Files\Unit Level</Filter>
    </ClInclude>
    <ClInclude Include="Menu.h">
      <Filter>Header Files\Menu</Filter>
    </ClInclude>
    <ClInclude Include="MenuElement.h">
      <Filter>Header Files\Menu</Filter>
    </ClInclude>
  </ItemGroup>
</Project>